{
  "version": 4,
  "terraform_version": "1.12.2",
  "serial": 30,
  "lineage": "27a13163-aaf7-a57f-f79f-7625efce6e3e",
  "outputs": {},
  "resources": [
    {
      "mode": "managed",
      "type": "google_compute_firewall",
      "name": "allow-ssh",
      "provider": "provider[\"registry.terraform.io/hashicorp/google\"]",
      "instances": [
        {
          "schema_version": 1,
          "attributes": {
            "allow": [
              {
                "ports": [
                  "22"
                ],
                "protocol": "tcp"
              }
            ],
            "creation_timestamp": "2025-08-26T19:34:05.032-07:00",
            "deny": [],
            "description": "",
            "destination_ranges": [],
            "direction": "INGRESS",
            "disabled": false,
            "enable_logging": null,
            "id": "projects/theowaf-class65-wh/global/firewalls/allow-ssh",
            "log_config": [],
            "name": "allow-ssh",
            "network": "https://www.googleapis.com/compute/v1/projects/theowaf-class65-wh/global/networks/armageddon",
            "params": [],
            "priority": 1000,
            "project": "theowaf-class65-wh",
            "self_link": "https://www.googleapis.com/compute/v1/projects/theowaf-class65-wh/global/firewalls/allow-ssh",
            "source_ranges": [
              "0.0.0.0/0"
            ],
            "source_service_accounts": [],
            "source_tags": [],
            "target_service_accounts": [],
            "target_tags": [],
            "timeouts": null
          },
          "sensitive_attributes": [],
          "identity_schema_version": 0,
          "private": "eyJlMmJmYjczMC1lY2FhLTExZTYtOGY4OC0zNDM2M2JjN2M0YzAiOnsiY3JlYXRlIjoxMjAwMDAwMDAwMDAwLCJkZWxldGUiOjEyMDAwMDAwMDAwMDAsInVwZGF0ZSI6MTIwMDAwMDAwMDAwMH0sInNjaGVtYV92ZXJzaW9uIjoiMSJ9",
          "dependencies": [
            "google_compute_network.armageddon"
          ]
        }
      ]
    },
    {
      "mode": "managed",
      "type": "google_compute_firewall",
      "name": "icmp",
      "provider": "provider[\"registry.terraform.io/hashicorp/google\"]",
      "instances": [
        {
          "schema_version": 1,
          "attributes": {
            "allow": [
              {
                "ports": [],
                "protocol": "icmp"
              }
            ],
            "creation_timestamp": "2025-08-26T19:34:05.169-07:00",
            "deny": [],
            "description": "",
            "destination_ranges": [],
            "direction": "INGRESS",
            "disabled": false,
            "enable_logging": null,
            "id": "projects/theowaf-class65-wh/global/firewalls/icmp",
            "log_config": [],
            "name": "icmp",
            "network": "https://www.googleapis.com/compute/v1/projects/theowaf-class65-wh/global/networks/armageddon",
            "params": [],
            "priority": 1000,
            "project": "theowaf-class65-wh",
            "self_link": "https://www.googleapis.com/compute/v1/projects/theowaf-class65-wh/global/firewalls/icmp",
            "source_ranges": [
              "0.0.0.0/0"
            ],
            "source_service_accounts": [],
            "source_tags": [],
            "target_service_accounts": [],
            "target_tags": [],
            "timeouts": null
          },
          "sensitive_attributes": [],
          "identity_schema_version": 0,
          "private": "eyJlMmJmYjczMC1lY2FhLTExZTYtOGY4OC0zNDM2M2JjN2M0YzAiOnsiY3JlYXRlIjoxMjAwMDAwMDAwMDAwLCJkZWxldGUiOjEyMDAwMDAwMDAwMDAsInVwZGF0ZSI6MTIwMDAwMDAwMDAwMH0sInNjaGVtYV92ZXJzaW9uIjoiMSJ9",
          "dependencies": [
            "google_compute_network.armageddon"
          ]
        }
      ]
    },
    {
      "mode": "managed",
      "type": "google_compute_firewall",
      "name": "pallow-http",
      "provider": "provider[\"registry.terraform.io/hashicorp/google\"]",
      "instances": [
        {
          "schema_version": 1,
          "attributes": {
            "allow": [
              {
                "ports": [
                  "80"
                ],
                "protocol": "tcp"
              }
            ],
            "creation_timestamp": "2025-08-26T19:34:05.087-07:00",
            "deny": [],
            "description": "",
            "destination_ranges": [],
            "direction": "INGRESS",
            "disabled": false,
            "enable_logging": null,
            "id": "projects/theowaf-class65-wh/global/firewalls/pallow-http",
            "log_config": [],
            "name": "pallow-http",
            "network": "https://www.googleapis.com/compute/v1/projects/theowaf-class65-wh/global/networks/armageddon",
            "params": [],
            "priority": 1000,
            "project": "theowaf-class65-wh",
            "self_link": "https://www.googleapis.com/compute/v1/projects/theowaf-class65-wh/global/firewalls/pallow-http",
            "source_ranges": [
              "0.0.0.0/0"
            ],
            "source_service_accounts": [],
            "source_tags": [],
            "target_service_accounts": [],
            "target_tags": [],
            "timeouts": null
          },
          "sensitive_attributes": [],
          "identity_schema_version": 0,
          "private": "eyJlMmJmYjczMC1lY2FhLTExZTYtOGY4OC0zNDM2M2JjN2M0YzAiOnsiY3JlYXRlIjoxMjAwMDAwMDAwMDAwLCJkZWxldGUiOjEyMDAwMDAwMDAwMDAsInVwZGF0ZSI6MTIwMDAwMDAwMDAwMH0sInNjaGVtYV92ZXJzaW9uIjoiMSJ9",
          "dependencies": [
            "google_compute_network.armageddon"
          ]
        }
      ]
    },
    {
      "mode": "managed",
      "type": "google_compute_firewall",
      "name": "rdp",
      "provider": "provider[\"registry.terraform.io/hashicorp/google\"]",
      "instances": [
        {
          "schema_version": 1,
          "attributes": {
            "allow": [
              {
                "ports": [
                  "3389"
                ],
                "protocol": "tcp"
              }
            ],
            "creation_timestamp": "2025-08-26T19:34:04.592-07:00",
            "deny": [],
            "description": "",
            "destination_ranges": [],
            "direction": "INGRESS",
            "disabled": false,
            "enable_logging": null,
            "id": "projects/theowaf-class65-wh/global/firewalls/rdp",
            "log_config": [],
            "name": "rdp",
            "network": "https://www.googleapis.com/compute/v1/projects/theowaf-class65-wh/global/networks/armageddon",
            "params": [],
            "priority": 1000,
            "project": "theowaf-class65-wh",
            "self_link": "https://www.googleapis.com/compute/v1/projects/theowaf-class65-wh/global/firewalls/rdp",
            "source_ranges": [
              "0.0.0.0/0"
            ],
            "source_service_accounts": [],
            "source_tags": [],
            "target_service_accounts": [],
            "target_tags": [],
            "timeouts": null
          },
          "sensitive_attributes": [],
          "identity_schema_version": 0,
          "private": "eyJlMmJmYjczMC1lY2FhLTExZTYtOGY4OC0zNDM2M2JjN2M0YzAiOnsiY3JlYXRlIjoxMjAwMDAwMDAwMDAwLCJkZWxldGUiOjEyMDAwMDAwMDAwMDAsInVwZGF0ZSI6MTIwMDAwMDAwMDAwMH0sInNjaGVtYV92ZXJzaW9uIjoiMSJ9",
          "dependencies": [
            "google_compute_network.armageddon"
          ]
        }
      ]
    },
    {
      "mode": "managed",
      "type": "google_compute_instance",
      "name": "belgium-vm",
      "provider": "provider[\"registry.terraform.io/hashicorp/google\"]",
      "instances": [
        {
          "schema_version": 6,
          "attributes": {
            "advanced_machine_features": [],
            "allow_stopping_for_update": null,
            "attached_disk": [],
            "boot_disk": [
              {
                "auto_delete": true,
                "device_name": "persistent-disk-0",
                "disk_encryption_key_raw": "",
                "disk_encryption_key_rsa": "",
                "disk_encryption_key_sha256": "",
                "disk_encryption_service_account": "",
                "force_attach": false,
                "guest_os_features": [
                  "MULTI_IP_SUBNET",
                  "UEFI_COMPATIBLE",
                  "VIRTIO_SCSI_MULTIQUEUE",
                  "GVNIC",
                  "WINDOWS"
                ],
                "initialize_params": [
                  {
                    "architecture": "X86_64",
                    "enable_confidential_compute": false,
                    "image": "https://www.googleapis.com/compute/v1/projects/windows-cloud/global/images/windows-server-2022-dc-v20240612",
                    "labels": {},
                    "provisioned_iops": 0,
                    "provisioned_throughput": 0,
                    "resource_manager_tags": null,
                    "resource_policies": [],
                    "size": 50,
                    "snapshot": "",
                    "source_image_encryption_key": [],
                    "source_snapshot_encryption_key": [],
                    "storage_pool": "",
                    "type": "pd-standard"
                  }
                ],
                "interface": "",
                "kms_key_self_link": "",
                "mode": "READ_WRITE",
                "source": "https://www.googleapis.com/compute/v1/projects/theowaf-class65-wh/zones/europe-west1-b/disks/belgium-vm"
              }
            ],
            "can_ip_forward": false,
            "confidential_instance_config": [],
            "cpu_platform": "Intel Cascade Lake",
            "creation_timestamp": "2025-08-26T19:46:27.899-07:00",
            "current_status": "RUNNING",
            "deletion_protection": false,
            "description": "",
            "desired_status": null,
            "effective_labels": {
              "goog-terraform-provisioned": "true"
            },
            "enable_display": false,
            "guest_accelerator": [],
            "hostname": "",
            "id": "projects/theowaf-class65-wh/zones/europe-west1-b/instances/belgium-vm",
            "instance_encryption_key": [],
            "instance_id": "5004177080930520940",
            "key_revocation_action_type": "",
            "label_fingerprint": "vezUS-42LLM=",
            "labels": null,
            "machine_type": "n2-standard-2",
            "metadata": null,
            "metadata_fingerprint": "mVlrP5P3KI0=",
            "metadata_startup_script": "#Thanks to Remo\n#!/bin/bash\n# Update and install Apache2\napt update\napt install -y apache2\n\n# Start and enable Apache2\nsystemctl start apache2\nsystemctl enable apache2\n\n# GCP Metadata server base URL and header\nMETADATA_URL=\"http://metadata.google.internal/computeMetadata/v1\"\nMETADATA_FLAVOR_HEADER=\"Metadata-Flavor: Google\"\n\n# Use curl to fetch instance metadata\nlocal_ipv4=$(curl -H \"${METADATA_FLAVOR_HEADER}\" -s \"${METADATA_URL}/instance/network-interfaces/0/ip\")\nzone=$(curl -H \"${METADATA_FLAVOR_HEADER}\" -s \"${METADATA_URL}/instance/zone\")\nproject_id=$(curl -H \"${METADATA_FLAVOR_HEADER}\" -s \"${METADATA_URL}/project/project-id\")\nnetwork_tags=$(curl -H \"${METADATA_FLAVOR_HEADER}\" -s \"${METADATA_URL}/instance/tags\")\n\n\n# Create a simple HTML page and include instance details\ncat \u003c\u003cEOF \u003e /var/www/html/index.html\n\u003chtml\u003e\u003cbody\u003e\n\u003ch2\u003eWelcome to your custom website.\u003c/h2\u003e\n\u003ch3\u003eCreated with a direct input startup script!\u003c/h3\u003e\n\u003cp\u003e\u003cb\u003eInstance Name:\u003c/b\u003e $(hostname -f)\u003c/p\u003e\n\u003cp\u003e\u003cb\u003eInstance Private IP Address: \u003c/b\u003e $local_ipv4\u003c/p\u003e\n\u003cp\u003e\u003cb\u003eZone: \u003c/b\u003e $zone\u003c/p\u003e\n\u003cp\u003e\u003cb\u003eProject ID:\u003c/b\u003e $project_id\u003c/p\u003e\n\u003cp\u003e\u003cb\u003eNetwork Tags:\u003c/b\u003e $network_tags\u003c/p\u003e\n\u003c/body\u003e\u003c/html\u003e\nEOF\n\n\n",
            "min_cpu_platform": "",
            "name": "belgium-vm",
            "network_interface": [
              {
                "access_config": [
                  {
                    "nat_ip": "34.77.197.71",
                    "network_tier": "PREMIUM",
                    "public_ptr_domain_name": ""
                  }
                ],
                "alias_ip_range": [],
                "internal_ipv6_prefix_length": 0,
                "ipv6_access_config": [],
                "ipv6_access_type": "",
                "ipv6_address": "",
                "name": "nic0",
                "network": "https://www.googleapis.com/compute/v1/projects/theowaf-class65-wh/global/networks/armageddon",
                "network_attachment": "",
                "network_ip": "10.255.50.3",
                "nic_type": "",
                "queue_count": 0,
                "stack_type": "IPV4_ONLY",
                "subnetwork": "https://www.googleapis.com/compute/v1/projects/theowaf-class65-wh/regions/europe-west1/subnetworks/belgium",
                "subnetwork_project": "theowaf-class65-wh"
              }
            ],
            "network_performance_config": [],
            "params": [],
            "project": "theowaf-class65-wh",
            "reservation_affinity": [],
            "resource_policies": null,
            "scheduling": [
              {
                "automatic_restart": true,
                "availability_domain": 0,
                "instance_termination_action": "",
                "local_ssd_recovery_timeout": [],
                "max_run_duration": [],
                "min_node_cpus": 0,
                "node_affinities": [],
                "on_host_maintenance": "MIGRATE",
                "on_instance_stop_action": [],
                "preemptible": false,
                "provisioning_model": "STANDARD",
                "termination_time": ""
              }
            ],
            "scratch_disk": [],
            "self_link": "https://www.googleapis.com/compute/v1/projects/theowaf-class65-wh/zones/europe-west1-b/instances/belgium-vm",
            "service_account": [],
            "shielded_instance_config": [
              {
                "enable_integrity_monitoring": true,
                "enable_secure_boot": false,
                "enable_vtpm": true
              }
            ],
            "tags": null,
            "tags_fingerprint": "42WmSpB8rSM=",
            "terraform_labels": {
              "goog-terraform-provisioned": "true"
            },
            "timeouts": null,
            "zone": "europe-west1-b"
          },
          "sensitive_attributes": [
            [
              {
                "type": "get_attr",
                "value": "boot_disk"
              },
              {
                "type": "index",
                "value": {
                  "value": 0,
                  "type": "number"
                }
              },
              {
                "type": "get_attr",
                "value": "disk_encryption_key_raw"
              }
            ],
            [
              {
                "type": "get_attr",
                "value": "boot_disk"
              },
              {
                "type": "index",
                "value": {
                  "value": 0,
                  "type": "number"
                }
              },
              {
                "type": "get_attr",
                "value": "disk_encryption_key_rsa"
              }
            ]
          ],
          "identity_schema_version": 0,
          "private": "eyJlMmJmYjczMC1lY2FhLTExZTYtOGY4OC0zNDM2M2JjN2M0YzAiOnsiY3JlYXRlIjoxMjAwMDAwMDAwMDAwLCJkZWxldGUiOjEyMDAwMDAwMDAwMDAsInVwZGF0ZSI6MTIwMDAwMDAwMDAwMH0sInNjaGVtYV92ZXJzaW9uIjoiNiJ9",
          "dependencies": [
            "google_compute_network.armageddon",
            "google_compute_subnetwork.belgium"
          ]
        }
      ]
    },
    {
      "mode": "managed",
      "type": "google_compute_instance",
      "name": "brazil-vm",
      "provider": "provider[\"registry.terraform.io/hashicorp/google\"]",
      "instances": [
        {
          "schema_version": 6,
          "attributes": {
            "advanced_machine_features": [],
            "allow_stopping_for_update": null,
            "attached_disk": [],
            "boot_disk": [
              {
                "auto_delete": true,
                "device_name": "persistent-disk-0",
                "disk_encryption_key_raw": "",
                "disk_encryption_key_rsa": "",
                "disk_encryption_key_sha256": "",
                "disk_encryption_service_account": "",
                "force_attach": false,
                "guest_os_features": [
                  "UEFI_COMPATIBLE",
                  "VIRTIO_SCSI_MULTIQUEUE",
                  "GVNIC",
                  "SEV_CAPABLE",
                  "SEV_LIVE_MIGRATABLE_V2"
                ],
                "initialize_params": [
                  {
                    "architecture": "X86_64",
                    "enable_confidential_compute": false,
                    "image": "https://www.googleapis.com/compute/v1/projects/debian-cloud/global/images/debian-12-bookworm-v20250812",
                    "labels": {},
                    "provisioned_iops": 0,
                    "provisioned_throughput": 0,
                    "resource_manager_tags": null,
                    "resource_policies": [],
                    "size": 10,
                    "snapshot": "",
                    "source_image_encryption_key": [],
                    "source_snapshot_encryption_key": [],
                    "storage_pool": "",
                    "type": "pd-standard"
                  }
                ],
                "interface": "",
                "kms_key_self_link": "",
                "mode": "READ_WRITE",
                "source": "https://www.googleapis.com/compute/v1/projects/theowaf-class65-wh/zones/southamerica-east1-a/disks/brazil-vm"
              }
            ],
            "can_ip_forward": false,
            "confidential_instance_config": [],
            "cpu_platform": "Intel Cascade Lake",
            "creation_timestamp": "2025-08-26T19:45:07.186-07:00",
            "current_status": "RUNNING",
            "deletion_protection": false,
            "description": "",
            "desired_status": null,
            "effective_labels": {
              "goog-terraform-provisioned": "true"
            },
            "enable_display": false,
            "guest_accelerator": [],
            "hostname": "",
            "id": "projects/theowaf-class65-wh/zones/southamerica-east1-a/instances/brazil-vm",
            "instance_encryption_key": [],
            "instance_id": "768171117444845533",
            "key_revocation_action_type": "",
            "label_fingerprint": "vezUS-42LLM=",
            "labels": null,
            "machine_type": "n2-standard-2",
            "metadata": null,
            "metadata_fingerprint": "mVlrP5P3KI0=",
            "metadata_startup_script": "#Thanks to Remo\n#!/bin/bash\n# Update and install Apache2\napt update\napt install -y apache2\n\n# Start and enable Apache2\nsystemctl start apache2\nsystemctl enable apache2\n\n# GCP Metadata server base URL and header\nMETADATA_URL=\"http://metadata.google.internal/computeMetadata/v1\"\nMETADATA_FLAVOR_HEADER=\"Metadata-Flavor: Google\"\n\n# Use curl to fetch instance metadata\nlocal_ipv4=$(curl -H \"${METADATA_FLAVOR_HEADER}\" -s \"${METADATA_URL}/instance/network-interfaces/0/ip\")\nzone=$(curl -H \"${METADATA_FLAVOR_HEADER}\" -s \"${METADATA_URL}/instance/zone\")\nproject_id=$(curl -H \"${METADATA_FLAVOR_HEADER}\" -s \"${METADATA_URL}/project/project-id\")\nnetwork_tags=$(curl -H \"${METADATA_FLAVOR_HEADER}\" -s \"${METADATA_URL}/instance/tags\")\n\n\n# Create a simple HTML page and include instance details\ncat \u003c\u003cEOF \u003e /var/www/html/index.html\n\u003chtml\u003e\u003cbody\u003e\n\u003ch2\u003eWelcome to your custom website.\u003c/h2\u003e\n\u003ch3\u003eCreated with a direct input startup script!\u003c/h3\u003e\n\u003cp\u003e\u003cb\u003eInstance Name:\u003c/b\u003e $(hostname -f)\u003c/p\u003e\n\u003cp\u003e\u003cb\u003eInstance Private IP Address: \u003c/b\u003e $local_ipv4\u003c/p\u003e\n\u003cp\u003e\u003cb\u003eZone: \u003c/b\u003e $zone\u003c/p\u003e\n\u003cp\u003e\u003cb\u003eProject ID:\u003c/b\u003e $project_id\u003c/p\u003e\n\u003cp\u003e\u003cb\u003eNetwork Tags:\u003c/b\u003e $network_tags\u003c/p\u003e\n\u003c/body\u003e\u003c/html\u003e\nEOF\n\n\n",
            "min_cpu_platform": "",
            "name": "brazil-vm",
            "network_interface": [
              {
                "access_config": [
                  {
                    "nat_ip": "34.39.130.128",
                    "network_tier": "PREMIUM",
                    "public_ptr_domain_name": ""
                  }
                ],
                "alias_ip_range": [],
                "internal_ipv6_prefix_length": 0,
                "ipv6_access_config": [],
                "ipv6_access_type": "",
                "ipv6_address": "",
                "name": "nic0",
                "network": "https://www.googleapis.com/compute/v1/projects/theowaf-class65-wh/global/networks/armageddon",
                "network_attachment": "",
                "network_ip": "10.255.35.3",
                "nic_type": "",
                "queue_count": 0,
                "stack_type": "IPV4_ONLY",
                "subnetwork": "https://www.googleapis.com/compute/v1/projects/theowaf-class65-wh/regions/southamerica-east1/subnetworks/brazil",
                "subnetwork_project": "theowaf-class65-wh"
              }
            ],
            "network_performance_config": [],
            "params": [],
            "project": "theowaf-class65-wh",
            "reservation_affinity": [],
            "resource_policies": null,
            "scheduling": [
              {
                "automatic_restart": true,
                "availability_domain": 0,
                "instance_termination_action": "",
                "local_ssd_recovery_timeout": [],
                "max_run_duration": [],
                "min_node_cpus": 0,
                "node_affinities": [],
                "on_host_maintenance": "MIGRATE",
                "on_instance_stop_action": [],
                "preemptible": false,
                "provisioning_model": "STANDARD",
                "termination_time": ""
              }
            ],
            "scratch_disk": [],
            "self_link": "https://www.googleapis.com/compute/v1/projects/theowaf-class65-wh/zones/southamerica-east1-a/instances/brazil-vm",
            "service_account": [],
            "shielded_instance_config": [
              {
                "enable_integrity_monitoring": true,
                "enable_secure_boot": false,
                "enable_vtpm": true
              }
            ],
            "tags": null,
            "tags_fingerprint": "42WmSpB8rSM=",
            "terraform_labels": {
              "goog-terraform-provisioned": "true"
            },
            "timeouts": null,
            "zone": "southamerica-east1-a"
          },
          "sensitive_attributes": [
            [
              {
                "type": "get_attr",
                "value": "boot_disk"
              },
              {
                "type": "index",
                "value": {
                  "value": 0,
                  "type": "number"
                }
              },
              {
                "type": "get_attr",
                "value": "disk_encryption_key_raw"
              }
            ],
            [
              {
                "type": "get_attr",
                "value": "boot_disk"
              },
              {
                "type": "index",
                "value": {
                  "value": 0,
                  "type": "number"
                }
              },
              {
                "type": "get_attr",
                "value": "disk_encryption_key_rsa"
              }
            ]
          ],
          "identity_schema_version": 0,
          "private": "eyJlMmJmYjczMC1lY2FhLTExZTYtOGY4OC0zNDM2M2JjN2M0YzAiOnsiY3JlYXRlIjoxMjAwMDAwMDAwMDAwLCJkZWxldGUiOjEyMDAwMDAwMDAwMDAsInVwZGF0ZSI6MTIwMDAwMDAwMDAwMH0sInNjaGVtYV92ZXJzaW9uIjoiNiJ9",
          "dependencies": [
            "google_compute_network.armageddon",
            "google_compute_subnetwork.brazil"
          ]
        }
      ]
    },
    {
      "mode": "managed",
      "type": "google_compute_instance",
      "name": "tokyo-vm",
      "provider": "provider[\"registry.terraform.io/hashicorp/google\"]",
      "instances": [
        {
          "schema_version": 6,
          "attributes": {
            "advanced_machine_features": [],
            "allow_stopping_for_update": null,
            "attached_disk": [],
            "boot_disk": [
              {
                "auto_delete": true,
                "device_name": "persistent-disk-0",
                "disk_encryption_key_raw": "",
                "disk_encryption_key_rsa": "",
                "disk_encryption_key_sha256": "",
                "disk_encryption_service_account": "",
                "force_attach": false,
                "guest_os_features": [
                  "UEFI_COMPATIBLE",
                  "VIRTIO_SCSI_MULTIQUEUE",
                  "GVNIC",
                  "SEV_CAPABLE",
                  "SEV_LIVE_MIGRATABLE_V2"
                ],
                "initialize_params": [
                  {
                    "architecture": "X86_64",
                    "enable_confidential_compute": false,
                    "image": "https://www.googleapis.com/compute/v1/projects/debian-cloud/global/images/debian-12-bookworm-v20250812",
                    "labels": {},
                    "provisioned_iops": 0,
                    "provisioned_throughput": 0,
                    "resource_manager_tags": null,
                    "resource_policies": [],
                    "size": 10,
                    "snapshot": "",
                    "source_image_encryption_key": [],
                    "source_snapshot_encryption_key": [],
                    "storage_pool": "",
                    "type": "pd-standard"
                  }
                ],
                "interface": "",
                "kms_key_self_link": "",
                "mode": "READ_WRITE",
                "source": "https://www.googleapis.com/compute/v1/projects/theowaf-class65-wh/zones/asia-northeast1-a/disks/tokyo-vm"
              }
            ],
            "can_ip_forward": false,
            "confidential_instance_config": [],
            "cpu_platform": "Intel Cascade Lake",
            "creation_timestamp": "2025-08-26T19:45:06.899-07:00",
            "current_status": "RUNNING",
            "deletion_protection": false,
            "description": "",
            "desired_status": null,
            "effective_labels": {
              "goog-terraform-provisioned": "true"
            },
            "enable_display": false,
            "guest_accelerator": [],
            "hostname": "",
            "id": "projects/theowaf-class65-wh/zones/asia-northeast1-a/instances/tokyo-vm",
            "instance_encryption_key": [],
            "instance_id": "7415404491505389533",
            "key_revocation_action_type": "",
            "label_fingerprint": "vezUS-42LLM=",
            "labels": null,
            "machine_type": "n2-standard-2",
            "metadata": null,
            "metadata_fingerprint": "mVlrP5P3KI0=",
            "metadata_startup_script": "#Thanks to Remo\n#!/bin/bash\n# Update and install Apache2\napt update\napt install -y apache2\n\n# Start and enable Apache2\nsystemctl start apache2\nsystemctl enable apache2\n\n# GCP Metadata server base URL and header\nMETADATA_URL=\"http://metadata.google.internal/computeMetadata/v1\"\nMETADATA_FLAVOR_HEADER=\"Metadata-Flavor: Google\"\n\n# Use curl to fetch instance metadata\nlocal_ipv4=$(curl -H \"${METADATA_FLAVOR_HEADER}\" -s \"${METADATA_URL}/instance/network-interfaces/0/ip\")\nzone=$(curl -H \"${METADATA_FLAVOR_HEADER}\" -s \"${METADATA_URL}/instance/zone\")\nproject_id=$(curl -H \"${METADATA_FLAVOR_HEADER}\" -s \"${METADATA_URL}/project/project-id\")\nnetwork_tags=$(curl -H \"${METADATA_FLAVOR_HEADER}\" -s \"${METADATA_URL}/instance/tags\")\n\n\n# Create a simple HTML page and include instance details\ncat \u003c\u003cEOF \u003e /var/www/html/index.html\n\u003chtml\u003e\u003cbody\u003e\n\u003ch2\u003eWelcome to your custom website.\u003c/h2\u003e\n\u003ch3\u003eCreated with a direct input startup script!\u003c/h3\u003e\n\u003cp\u003e\u003cb\u003eInstance Name:\u003c/b\u003e $(hostname -f)\u003c/p\u003e\n\u003cp\u003e\u003cb\u003eInstance Private IP Address: \u003c/b\u003e $local_ipv4\u003c/p\u003e\n\u003cp\u003e\u003cb\u003eZone: \u003c/b\u003e $zone\u003c/p\u003e\n\u003cp\u003e\u003cb\u003eProject ID:\u003c/b\u003e $project_id\u003c/p\u003e\n\u003cp\u003e\u003cb\u003eNetwork Tags:\u003c/b\u003e $network_tags\u003c/p\u003e\n\u003c/body\u003e\u003c/html\u003e\nEOF\n\n\n",
            "min_cpu_platform": "",
            "name": "tokyo-vm",
            "network_interface": [
              {
                "access_config": [
                  {
                    "nat_ip": "34.84.179.210",
                    "network_tier": "PREMIUM",
                    "public_ptr_domain_name": ""
                  }
                ],
                "alias_ip_range": [],
                "internal_ipv6_prefix_length": 0,
                "ipv6_access_config": [],
                "ipv6_access_type": "",
                "ipv6_address": "",
                "name": "nic0",
                "network": "https://www.googleapis.com/compute/v1/projects/theowaf-class65-wh/global/networks/armageddon",
                "network_attachment": "",
                "network_ip": "10.255.25.3",
                "nic_type": "",
                "queue_count": 0,
                "stack_type": "IPV4_ONLY",
                "subnetwork": "https://www.googleapis.com/compute/v1/projects/theowaf-class65-wh/regions/asia-northeast1/subnetworks/tokyo",
                "subnetwork_project": "theowaf-class65-wh"
              }
            ],
            "network_performance_config": [],
            "params": [],
            "project": "theowaf-class65-wh",
            "reservation_affinity": [],
            "resource_policies": null,
            "scheduling": [
              {
                "automatic_restart": true,
                "availability_domain": 0,
                "instance_termination_action": "",
                "local_ssd_recovery_timeout": [],
                "max_run_duration": [],
                "min_node_cpus": 0,
                "node_affinities": [],
                "on_host_maintenance": "MIGRATE",
                "on_instance_stop_action": [],
                "preemptible": false,
                "provisioning_model": "STANDARD",
                "termination_time": ""
              }
            ],
            "scratch_disk": [],
            "self_link": "https://www.googleapis.com/compute/v1/projects/theowaf-class65-wh/zones/asia-northeast1-a/instances/tokyo-vm",
            "service_account": [],
            "shielded_instance_config": [
              {
                "enable_integrity_monitoring": true,
                "enable_secure_boot": false,
                "enable_vtpm": true
              }
            ],
            "tags": null,
            "tags_fingerprint": "42WmSpB8rSM=",
            "terraform_labels": {
              "goog-terraform-provisioned": "true"
            },
            "timeouts": null,
            "zone": "asia-northeast1-a"
          },
          "sensitive_attributes": [
            [
              {
                "type": "get_attr",
                "value": "boot_disk"
              },
              {
                "type": "index",
                "value": {
                  "value": 0,
                  "type": "number"
                }
              },
              {
                "type": "get_attr",
                "value": "disk_encryption_key_raw"
              }
            ],
            [
              {
                "type": "get_attr",
                "value": "boot_disk"
              },
              {
                "type": "index",
                "value": {
                  "value": 0,
                  "type": "number"
                }
              },
              {
                "type": "get_attr",
                "value": "disk_encryption_key_rsa"
              }
            ]
          ],
          "identity_schema_version": 0,
          "private": "eyJlMmJmYjczMC1lY2FhLTExZTYtOGY4OC0zNDM2M2JjN2M0YzAiOnsiY3JlYXRlIjoxMjAwMDAwMDAwMDAwLCJkZWxldGUiOjEyMDAwMDAwMDAwMDAsInVwZGF0ZSI6MTIwMDAwMDAwMDAwMH0sInNjaGVtYV92ZXJzaW9uIjoiNiJ9",
          "dependencies": [
            "google_compute_network.armageddon",
            "google_compute_subnetwork.tokyo"
          ]
        }
      ]
    },
    {
      "mode": "managed",
      "type": "google_compute_network",
      "name": "armageddon",
      "provider": "provider[\"registry.terraform.io/hashicorp/google\"]",
      "instances": [
        {
          "schema_version": 0,
          "attributes": {
            "auto_create_subnetworks": false,
            "bgp_always_compare_med": false,
            "bgp_best_path_selection_mode": "LEGACY",
            "bgp_inter_region_cost": "",
            "delete_default_routes_on_create": false,
            "description": "",
            "enable_ula_internal_ipv6": false,
            "gateway_ipv4": "",
            "id": "projects/theowaf-class65-wh/global/networks/armageddon",
            "internal_ipv6_range": "",
            "mtu": 1460,
            "name": "armageddon",
            "network_firewall_policy_enforcement_order": "AFTER_CLASSIC_FIREWALL",
            "network_id": "8456468696783908478",
            "network_profile": "",
            "numeric_id": "8456468696783908478",
            "params": [],
            "project": "theowaf-class65-wh",
            "routing_mode": "REGIONAL",
            "self_link": "https://www.googleapis.com/compute/v1/projects/theowaf-class65-wh/global/networks/armageddon",
            "timeouts": null
          },
          "sensitive_attributes": [],
          "identity_schema_version": 0,
          "private": "eyJlMmJmYjczMC1lY2FhLTExZTYtOGY4OC0zNDM2M2JjN2M0YzAiOnsiY3JlYXRlIjoxMjAwMDAwMDAwMDAwLCJkZWxldGUiOjEyMDAwMDAwMDAwMDAsInVwZGF0ZSI6MTIwMDAwMDAwMDAwMH19"
        }
      ]
    },
    {
      "mode": "managed",
      "type": "google_compute_subnetwork",
      "name": "belgium",
      "provider": "provider[\"registry.terraform.io/hashicorp/google\"]",
      "instances": [
        {
          "schema_version": 0,
          "attributes": {
            "creation_timestamp": "2025-08-26T18:02:45.373-07:00",
            "description": "",
            "enable_flow_logs": false,
            "external_ipv6_prefix": "",
            "fingerprint": null,
            "gateway_address": "10.255.50.1",
            "id": "projects/theowaf-class65-wh/regions/europe-west1/subnetworks/belgium",
            "internal_ipv6_prefix": "",
            "ip_cidr_range": "10.255.50.0/24",
            "ip_collection": null,
            "ipv6_access_type": "",
            "ipv6_cidr_range": "",
            "ipv6_gce_endpoint": "",
            "log_config": [],
            "name": "belgium",
            "network": "https://www.googleapis.com/compute/v1/projects/theowaf-class65-wh/global/networks/armageddon",
            "params": [],
            "private_ip_google_access": true,
            "private_ipv6_google_access": "DISABLE_GOOGLE_ACCESS",
            "project": "theowaf-class65-wh",
            "purpose": "PRIVATE",
            "region": "europe-west1",
            "reserved_internal_range": "",
            "role": "",
            "secondary_ip_range": [],
            "self_link": "https://www.googleapis.com/compute/v1/projects/theowaf-class65-wh/regions/europe-west1/subnetworks/belgium",
            "send_secondary_ip_range_if_empty": null,
            "stack_type": "IPV4_ONLY",
            "state": "",
            "subnetwork_id": 3609343304313071578,
            "timeouts": null
          },
          "sensitive_attributes": [],
          "identity_schema_version": 0,
          "private": "eyJlMmJmYjczMC1lY2FhLTExZTYtOGY4OC0zNDM2M2JjN2M0YzAiOnsiY3JlYXRlIjoxMjAwMDAwMDAwMDAwLCJkZWxldGUiOjEyMDAwMDAwMDAwMDAsInVwZGF0ZSI6MTIwMDAwMDAwMDAwMH19",
          "dependencies": [
            "google_compute_network.armageddon"
          ]
        }
      ]
    },
    {
      "mode": "managed",
      "type": "google_compute_subnetwork",
      "name": "brazil",
      "provider": "provider[\"registry.terraform.io/hashicorp/google\"]",
      "instances": [
        {
          "schema_version": 0,
          "attributes": {
            "creation_timestamp": "2025-08-26T18:02:47.327-07:00",
            "description": "",
            "enable_flow_logs": false,
            "external_ipv6_prefix": "",
            "fingerprint": null,
            "gateway_address": "10.255.35.1",
            "id": "projects/theowaf-class65-wh/regions/southamerica-east1/subnetworks/brazil",
            "internal_ipv6_prefix": "",
            "ip_cidr_range": "10.255.35.0/24",
            "ip_collection": null,
            "ipv6_access_type": "",
            "ipv6_cidr_range": "",
            "ipv6_gce_endpoint": "",
            "log_config": [],
            "name": "brazil",
            "network": "https://www.googleapis.com/compute/v1/projects/theowaf-class65-wh/global/networks/armageddon",
            "params": [],
            "private_ip_google_access": true,
            "private_ipv6_google_access": "DISABLE_GOOGLE_ACCESS",
            "project": "theowaf-class65-wh",
            "purpose": "PRIVATE",
            "region": "southamerica-east1",
            "reserved_internal_range": "",
            "role": "",
            "secondary_ip_range": [],
            "self_link": "https://www.googleapis.com/compute/v1/projects/theowaf-class65-wh/regions/southamerica-east1/subnetworks/brazil",
            "send_secondary_ip_range_if_empty": null,
            "stack_type": "IPV4_ONLY",
            "state": "",
            "subnetwork_id": 4593488734674216920,
            "timeouts": null
          },
          "sensitive_attributes": [],
          "identity_schema_version": 0,
          "private": "eyJlMmJmYjczMC1lY2FhLTExZTYtOGY4OC0zNDM2M2JjN2M0YzAiOnsiY3JlYXRlIjoxMjAwMDAwMDAwMDAwLCJkZWxldGUiOjEyMDAwMDAwMDAwMDAsInVwZGF0ZSI6MTIwMDAwMDAwMDAwMH19",
          "dependencies": [
            "google_compute_network.armageddon"
          ]
        }
      ]
    },
    {
      "mode": "managed",
      "type": "google_compute_subnetwork",
      "name": "tokyo",
      "provider": "provider[\"registry.terraform.io/hashicorp/google\"]",
      "instances": [
        {
          "schema_version": 0,
          "attributes": {
            "creation_timestamp": "2025-08-26T17:57:15.429-07:00",
            "description": "",
            "enable_flow_logs": false,
            "external_ipv6_prefix": "",
            "fingerprint": null,
            "gateway_address": "10.255.25.1",
            "id": "projects/theowaf-class65-wh/regions/asia-northeast1/subnetworks/tokyo",
            "internal_ipv6_prefix": "",
            "ip_cidr_range": "10.255.25.0/24",
            "ip_collection": null,
            "ipv6_access_type": "",
            "ipv6_cidr_range": "",
            "ipv6_gce_endpoint": "",
            "log_config": [],
            "name": "tokyo",
            "network": "https://www.googleapis.com/compute/v1/projects/theowaf-class65-wh/global/networks/armageddon",
            "params": [],
            "private_ip_google_access": true,
            "private_ipv6_google_access": "DISABLE_GOOGLE_ACCESS",
            "project": "theowaf-class65-wh",
            "purpose": "PRIVATE",
            "region": "asia-northeast1",
            "reserved_internal_range": "",
            "role": "",
            "secondary_ip_range": [],
            "self_link": "https://www.googleapis.com/compute/v1/projects/theowaf-class65-wh/regions/asia-northeast1/subnetworks/tokyo",
            "send_secondary_ip_range_if_empty": null,
            "stack_type": "IPV4_ONLY",
            "state": "",
            "subnetwork_id": 2696038446056859908,
            "timeouts": null
          },
          "sensitive_attributes": [],
          "identity_schema_version": 0,
          "private": "eyJlMmJmYjczMC1lY2FhLTExZTYtOGY4OC0zNDM2M2JjN2M0YzAiOnsiY3JlYXRlIjoxMjAwMDAwMDAwMDAwLCJkZWxldGUiOjEyMDAwMDAwMDAwMDAsInVwZGF0ZSI6MTIwMDAwMDAwMDAwMH19",
          "dependencies": [
            "google_compute_network.armageddon"
          ]
        }
      ]
    }
  ],
  "check_results": null
}
